// !$*UTF8*$!
{
	archiveVersion = 1;
	classes = {
	};
	objectVersion = 46;
	objects = {

/* Begin PBXBuildFile section */
		7626D3041CF918C9005033CD /* Reachability.m in Sources */ = {isa = PBXBuildFile; fileRef = 7626D3031CF918C9005033CD /* Reachability.m */; };
		763F77041CF169C200D1D015 /* Constants.swift in Sources */ = {isa = PBXBuildFile; fileRef = 763F77031CF169C200D1D015 /* Constants.swift */; };
		763F77061CF16B5500D1D015 /* MusicVideo.swift in Sources */ = {isa = PBXBuildFile; fileRef = 763F77051CF16B5500D1D015 /* MusicVideo.swift */; };
		768710751CED749100410B88 /* AppDelegate.swift in Sources */ = {isa = PBXBuildFile; fileRef = 768710741CED749100410B88 /* AppDelegate.swift */; };
		768710771CED749100410B88 /* ViewController.swift in Sources */ = {isa = PBXBuildFile; fileRef = 768710761CED749100410B88 /* ViewController.swift */; };
		7687107A1CED749100410B88 /* Main.storyboard in Resources */ = {isa = PBXBuildFile; fileRef = 768710781CED749100410B88 /* Main.storyboard */; };
		7687107C1CED749100410B88 /* Assets.xcassets in Resources */ = {isa = PBXBuildFile; fileRef = 7687107B1CED749100410B88 /* Assets.xcassets */; };
		7687107F1CED749100410B88 /* LaunchScreen.storyboard in Resources */ = {isa = PBXBuildFile; fileRef = 7687107D1CED749100410B88 /* LaunchScreen.storyboard */; };
		7687108A1CED749100410B88 /* MusicVideoTests.swift in Sources */ = {isa = PBXBuildFile; fileRef = 768710891CED749100410B88 /* MusicVideoTests.swift */; };
		768710951CED749100410B88 /* MusicVideoUITests.swift in Sources */ = {isa = PBXBuildFile; fileRef = 768710941CED749100410B88 /* MusicVideoUITests.swift */; };
		768710A71CED7CA800410B88 /* api_manager.swift in Sources */ = {isa = PBXBuildFile; fileRef = 768710A61CED7CA800410B88 /* api_manager.swift */; };
		76A2D6B71D0370FC00EF35D4 /* SettingsTVC.swift in Sources */ = {isa = PBXBuildFile; fileRef = 76A2D6B61D0370FC00EF35D4 /* SettingsTVC.swift */; };
		76BD95E61CFE46A30015B198 /* MusicVideoTVC.swift in Sources */ = {isa = PBXBuildFile; fileRef = 76BD95E51CFE46A30015B198 /* MusicVideoTVC.swift */; };
		76BD95E81CFE5E6E0015B198 /* MusicVideoTableViewCell.swift in Sources */ = {isa = PBXBuildFile; fileRef = 76BD95E71CFE5E6E0015B198 /* MusicVideoTableViewCell.swift */; };
		76BD95EA1CFFE86E0015B198 /* MusicVideoDetailVC.swift in Sources */ = {isa = PBXBuildFile; fileRef = 76BD95E91CFFE86E0015B198 /* MusicVideoDetailVC.swift */; };
/* End PBXBuildFile section */

/* Begin PBXContainerItemProxy section */
		768710861CED749100410B88 /* PBXContainerItemProxy */ = {
			isa = PBXContainerItemProxy;
			containerPortal = 768710691CED749000410B88 /* Project object */;
			proxyType = 1;
			remoteGlobalIDString = 768710701CED749100410B88;
			remoteInfo = MusicVideo;
		};
		768710911CED749100410B88 /* PBXContainerItemProxy */ = {
			isa = PBXContainerItemProxy;
			containerPortal = 768710691CED749000410B88 /* Project object */;
			proxyType = 1;
			remoteGlobalIDString = 768710701CED749100410B88;
			remoteInfo = MusicVideo;
		};
/* End PBXContainerItemProxy section */

/* Begin PBXFileReference section */
		7626D3011CF918C9005033CD /* MusicVideo-Bridging-Header.h */ = {isa = PBXFileReference; lastKnownFileType = sourcecode.c.h; path = "MusicVideo-Bridging-Header.h"; sourceTree = "<group>"; };
		7626D3021CF918C9005033CD /* Reachability.h */ = {isa = PBXFileReference; fileEncoding = 4; lastKnownFileType = sourcecode.c.h; path = Reachability.h; sourceTree = "<group>"; };
		7626D3031CF918C9005033CD /* Reachability.m */ = {isa = PBXFileReference; fileEncoding = 4; lastKnownFileType = sourcecode.c.objc; path = Reachability.m; sourceTree = "<group>"; };
		763F77031CF169C200D1D015 /* Constants.swift */ = {isa = PBXFileReference; fileEncoding = 4; lastKnownFileType = sourcecode.swift; path = Constants.swift; sourceTree = "<group>"; };
		763F77051CF16B5500D1D015 /* MusicVideo.swift */ = {isa = PBXFileReference; fileEncoding = 4; lastKnownFileType = sourcecode.swift; path = MusicVideo.swift; sourceTree = "<group>"; };
		768710711CED749100410B88 /* MusicVideo.app */ = {isa = PBXFileReference; explicitFileType = wrapper.application; includeInIndex = 0; path = MusicVideo.app; sourceTree = BUILT_PRODUCTS_DIR; };
		768710741CED749100410B88 /* AppDelegate.swift */ = {isa = PBXFileReference; lastKnownFileType = sourcecode.swift; path = AppDelegate.swift; sourceTree = "<group>"; };
		768710761CED749100410B88 /* ViewController.swift */ = {isa = PBXFileReference; lastKnownFileType = sourcecode.swift; path = ViewController.swift; sourceTree = "<group>"; };
		768710791CED749100410B88 /* Base */ = {isa = PBXFileReference; lastKnownFileType = file.storyboard; name = Base; path = Base.lproj/Main.storyboard; sourceTree = "<group>"; };
		7687107B1CED749100410B88 /* Assets.xcassets */ = {isa = PBXFileReference; lastKnownFileType = folder.assetcatalog; path = Assets.xcassets; sourceTree = "<group>"; };
		7687107E1CED749100410B88 /* Base */ = {isa = PBXFileReference; lastKnownFileType = file.storyboard; name = Base; path = Base.lproj/LaunchScreen.storyboard; sourceTree = "<group>"; };
		768710801CED749100410B88 /* Info.plist */ = {isa = PBXFileReference; lastKnownFileType = text.plist.xml; path = Info.plist; sourceTree = "<group>"; };
		768710851CED749100410B88 /* MusicVideoTests.xctest */ = {isa = PBXFileReference; explicitFileType = wrapper.cfbundle; includeInIndex = 0; path = MusicVideoTests.xctest; sourceTree = BUILT_PRODUCTS_DIR; };
		768710891CED749100410B88 /* MusicVideoTests.swift */ = {isa = PBXFileReference; lastKnownFileType = sourcecode.swift; path = MusicVideoTests.swift; sourceTree = "<group>"; };
		7687108B1CED749100410B88 /* Info.plist */ = {isa = PBXFileReference; lastKnownFileType = text.plist.xml; path = Info.plist; sourceTree = "<group>"; };
		768710901CED749100410B88 /* MusicVideoUITests.xctest */ = {isa = PBXFileReference; explicitFileType = wrapper.cfbundle; includeInIndex = 0; path = MusicVideoUITests.xctest; sourceTree = BUILT_PRODUCTS_DIR; };
		768710941CED749100410B88 /* MusicVideoUITests.swift */ = {isa = PBXFileReference; lastKnownFileType = sourcecode.swift; path = MusicVideoUITests.swift; sourceTree = "<group>"; };
		768710961CED749100410B88 /* Info.plist */ = {isa = PBXFileReference; lastKnownFileType = text.plist.xml; path = Info.plist; sourceTree = "<group>"; };
		768710A61CED7CA800410B88 /* api_manager.swift */ = {isa = PBXFileReference; fileEncoding = 4; lastKnownFileType = sourcecode.swift; path = api_manager.swift; sourceTree = "<group>"; };
		76A2D6B61D0370FC00EF35D4 /* SettingsTVC.swift */ = {isa = PBXFileReference; fileEncoding = 4; lastKnownFileType = sourcecode.swift; path = SettingsTVC.swift; sourceTree = "<group>"; };
		76BD95E51CFE46A30015B198 /* MusicVideoTVC.swift */ = {isa = PBXFileReference; fileEncoding = 4; lastKnownFileType = sourcecode.swift; path = MusicVideoTVC.swift; sourceTree = "<group>"; };
		76BD95E71CFE5E6E0015B198 /* MusicVideoTableViewCell.swift */ = {isa = PBXFileReference; fileEncoding = 4; lastKnownFileType = sourcecode.swift; path = MusicVideoTableViewCell.swift; sourceTree = "<group>"; };
		76BD95E91CFFE86E0015B198 /* MusicVideoDetailVC.swift */ = {isa = PBXFileReference; fileEncoding = 4; lastKnownFileType = sourcecode.swift; path = MusicVideoDetailVC.swift; sourceTree = "<group>"; };
/* End PBXFileReference section */

/* Begin PBXFrameworksBuildPhase section */
		7687106E1CED749100410B88 /* Frameworks */ = {
			isa = PBXFrameworksBuildPhase;
			buildActionMask = 2147483647;
			files = (
			);
			runOnlyForDeploymentPostprocessing = 0;
		};
		768710821CED749100410B88 /* Frameworks */ = {
			isa = PBXFrameworksBuildPhase;
			buildActionMask = 2147483647;
			files = (
			);
			runOnlyForDeploymentPostprocessing = 0;
		};
		7687108D1CED749100410B88 /* Frameworks */ = {
			isa = PBXFrameworksBuildPhase;
			buildActionMask = 2147483647;
			files = (
			);
			runOnlyForDeploymentPostprocessing = 0;
		};
/* End PBXFrameworksBuildPhase section */

/* Begin PBXGroup section */
		7626D3001CF917AD005033CD /* Obj-c */ = {
			isa = PBXGroup;
			children = (
				7626D3021CF918C9005033CD /* Reachability.h */,
				7626D3031CF918C9005033CD /* Reachability.m */,
				7626D3011CF918C9005033CD /* MusicVideo-Bridging-Header.h */,
			);
			name = "Obj-c";
			sourceTree = "<group>";
		};
		763F77021CF169A300D1D015 /* Utils */ = {
			isa = PBXGroup;
			children = (
				763F77031CF169C200D1D015 /* Constants.swift */,
			);
			name = Utils;
			sourceTree = "<group>";
		};
		768710681CED749000410B88 = {
			isa = PBXGroup;
			children = (
				768710731CED749100410B88 /* MusicVideo */,
				768710881CED749100410B88 /* MusicVideoTests */,
				768710931CED749100410B88 /* MusicVideoUITests */,
				768710721CED749100410B88 /* Products */,
			);
			sourceTree = "<group>";
		};
		768710721CED749100410B88 /* Products */ = {
			isa = PBXGroup;
			children = (
				768710711CED749100410B88 /* MusicVideo.app */,
				768710851CED749100410B88 /* MusicVideoTests.xctest */,
				768710901CED749100410B88 /* MusicVideoUITests.xctest */,
			);
			name = Products;
			sourceTree = "<group>";
		};
		768710731CED749100410B88 /* MusicVideo */ = {
			isa = PBXGroup;
			children = (
				7626D3001CF917AD005033CD /* Obj-c */,
				763F77021CF169A300D1D015 /* Utils */,
				768710A51CED787F00410B88 /* Supporting_Files */,
				768710A21CED783D00410B88 /* Model */,
				768710A31CED784C00410B88 /* Controller */,
				768710A41CED786700410B88 /* View */,
			);
			path = MusicVideo;
			sourceTree = "<group>";
		};
		768710881CED749100410B88 /* MusicVideoTests */ = {
			isa = PBXGroup;
			children = (
				768710891CED749100410B88 /* MusicVideoTests.swift */,
				7687108B1CED749100410B88 /* Info.plist */,
			);
			path = MusicVideoTests;
			sourceTree = "<group>";
		};
		768710931CED749100410B88 /* MusicVideoUITests */ = {
			isa = PBXGroup;
			children = (
				768710941CED749100410B88 /* MusicVideoUITests.swift */,
				768710961CED749100410B88 /* Info.plist */,
			);
			path = MusicVideoUITests;
			sourceTree = "<group>";
		};
		768710A21CED783D00410B88 /* Model */ = {
			isa = PBXGroup;
			children = (
				763F77051CF16B5500D1D015 /* MusicVideo.swift */,
				768710A61CED7CA800410B88 /* api_manager.swift */,
			);
			name = Model;
			sourceTree = "<group>";
		};
		768710A31CED784C00410B88 /* Controller */ = {
			isa = PBXGroup;
			children = (
				76A2D6B61D0370FC00EF35D4 /* SettingsTVC.swift */,
				76BD95E91CFFE86E0015B198 /* MusicVideoDetailVC.swift */,
				76BD95E51CFE46A30015B198 /* MusicVideoTVC.swift */,
				76BD95E71CFE5E6E0015B198 /* MusicVideoTableViewCell.swift */,
				768710761CED749100410B88 /* ViewController.swift */,
			);
			name = Controller;
			sourceTree = "<group>";
		};
		768710A41CED786700410B88 /* View */ = {
			isa = PBXGroup;
			children = (
				7687107D1CED749100410B88 /* LaunchScreen.storyboard */,
				768710781CED749100410B88 /* Main.storyboard */,
			);
			name = View;
			sourceTree = "<group>";
		};
		768710A51CED787F00410B88 /* Supporting_Files */ = {
			isa = PBXGroup;
			children = (
				768710741CED749100410B88 /* AppDelegate.swift */,
				7687107B1CED749100410B88 /* Assets.xcassets */,
				768710801CED749100410B88 /* Info.plist */,
			);
			name = Supporting_Files;
			sourceTree = "<group>";
		};
/* End PBXGroup section */

/* Begin PBXNativeTarget section */
		768710701CED749100410B88 /* MusicVideo */ = {
			isa = PBXNativeTarget;
			buildConfigurationList = 768710991CED749100410B88 /* Build configuration list for PBXNativeTarget "MusicVideo" */;
			buildPhases = (
				7687106D1CED749100410B88 /* Sources */,
				7687106E1CED749100410B88 /* Frameworks */,
				7687106F1CED749100410B88 /* Resources */,
			);
			buildRules = (
			);
			dependencies = (
			);
			name = MusicVideo;
			productName = MusicVideo;
			productReference = 768710711CED749100410B88 /* MusicVideo.app */;
			productType = "com.apple.product-type.application";
		};
		768710841CED749100410B88 /* MusicVideoTests */ = {
			isa = PBXNativeTarget;
			buildConfigurationList = 7687109C1CED749100410B88 /* Build configuration list for PBXNativeTarget "MusicVideoTests" */;
			buildPhases = (
				768710811CED749100410B88 /* Sources */,
				768710821CED749100410B88 /* Frameworks */,
				768710831CED749100410B88 /* Resources */,
			);
			buildRules = (
			);
			dependencies = (
				768710871CED749100410B88 /* PBXTargetDependency */,
			);
			name = MusicVideoTests;
			productName = MusicVideoTests;
			productReference = 768710851CED749100410B88 /* MusicVideoTests.xctest */;
			productType = "com.apple.product-type.bundle.unit-test";
		};
		7687108F1CED749100410B88 /* MusicVideoUITests */ = {
			isa = PBXNativeTarget;
			buildConfigurationList = 7687109F1CED749100410B88 /* Build configuration list for PBXNativeTarget "MusicVideoUITests" */;
			buildPhases = (
				7687108C1CED749100410B88 /* Sources */,
				7687108D1CED749100410B88 /* Frameworks */,
				7687108E1CED749100410B88 /* Resources */,
			);
			buildRules = (
			);
			dependencies = (
				768710921CED749100410B88 /* PBXTargetDependency */,
			);
			name = MusicVideoUITests;
			productName = MusicVideoUITests;
			productReference = 768710901CED749100410B88 /* MusicVideoUITests.xctest */;
			productType = "com.apple.product-type.bundle.ui-testing";
		};
/* End PBXNativeTarget section */

/* Begin PBXProject section */
		768710691CED749000410B88 /* Project object */ = {
			isa = PBXProject;
			attributes = {
				LastSwiftUpdateCheck = 0730;
				LastUpgradeCheck = 0730;
				ORGANIZATIONNAME = boogiesquad;
				TargetAttributes = {
					768710701CED749100410B88 = {
						CreatedOnToolsVersion = 7.3.1;
						DevelopmentTeam = RZNB6LJ2Q6;
					};
					768710841CED749100410B88 = {
						CreatedOnToolsVersion = 7.3.1;
						TestTargetID = 768710701CED749100410B88;
					};
					7687108F1CED749100410B88 = {
						CreatedOnToolsVersion = 7.3.1;
						TestTargetID = 768710701CED749100410B88;
					};
				};
			};
			buildConfigurationList = 7687106C1CED749100410B88 /* Build configuration list for PBXProject "MusicVideo" */;
			compatibilityVersion = "Xcode 3.2";
			developmentRegion = English;
			hasScannedForEncodings = 0;
			knownRegions = (
				en,
				Base,
			);
			mainGroup = 768710681CED749000410B88;
			productRefGroup = 768710721CED749100410B88 /* Products */;
			projectDirPath = "";
			projectRoot = "";
			targets = (
				768710701CED749100410B88 /* MusicVideo */,
				768710841CED749100410B88 /* MusicVideoTests */,
				7687108F1CED749100410B88 /* MusicVideoUITests */,
			);
		};
/* End PBXProject section */

/* Begin PBXResourcesBuildPhase section */
		7687106F1CED749100410B88 /* Resources */ = {
			isa = PBXResourcesBuildPhase;
			buildActionMask = 2147483647;
			files = (
				7687107F1CED749100410B88 /* LaunchScreen.storyboard in Resources */,
				7687107C1CED749100410B88 /* Assets.xcassets in Resources */,
				7687107A1CED749100410B88 /* Main.storyboard in Resources */,
			);
			runOnlyForDeploymentPostprocessing = 0;
		};
		768710831CED749100410B88 /* Resources */ = {
			isa = PBXResourcesBuildPhase;
			buildActionMask = 2147483647;
			files = (
			);
			runOnlyForDeploymentPostprocessing = 0;
		};
		7687108E1CED749100410B88 /* Resources */ = {
			isa = PBXResourcesBuildPhase;
			buildActionMask = 2147483647;
			files = (
			);
			runOnlyForDeploymentPostprocessing = 0;
		};
/* End PBXResourcesBuildPhase section */

/* Begin PBXSourcesBuildPhase section */
		7687106D1CED749100410B88 /* Sources */ = {
			isa = PBXSourcesBuildPhase;
			buildActionMask = 2147483647;
			files = (
				768710A71CED7CA800410B88 /* api_manager.swift in Sources */,
				76BD95EA1CFFE86E0015B198 /* MusicVideoDetailVC.swift in Sources */,
				768710771CED749100410B88 /* ViewController.swift in Sources */,
				763F77061CF16B5500D1D015 /* MusicVideo.swift in Sources */,
				76BD95E81CFE5E6E0015B198 /* MusicVideoTableViewCell.swift in Sources */,
				768710751CED749100410B88 /* AppDelegate.swift in Sources */,
				7626D3041CF918C9005033CD /* Reachability.m in Sources */,
				763F77041CF169C200D1D015 /* Constants.swift in Sources */,
				76A2D6B71D0370FC00EF35D4 /* SettingsTVC.swift in Sources */,
				76BD95E61CFE46A30015B198 /* MusicVideoTVC.swift in Sources */,
			);
			runOnlyForDeploymentPostprocessing = 0;
		};
		768710811CED749100410B88 /* Sources */ = {
			isa = PBXSourcesBuildPhase;
			buildActionMask = 2147483647;
			files = (
				7687108A1CED749100410B88 /* MusicVideoTests.swift in Sources */,
			);
			runOnlyForDeploymentPostprocessing = 0;
		};
		7687108C1CED749100410B88 /* Sources */ = {
			isa = PBXSourcesBuildPhase;
			buildActionMask = 2147483647;
			files = (
				768710951CED749100410B88 /* MusicVideoUITests.swift in Sources */,
			);
			runOnlyForDeploymentPostprocessing = 0;
		};
/* End PBXSourcesBuildPhase section */

/* Begin PBXTargetDependency section */
		768710871CED749100410B88 /* PBXTargetDependency */ = {
			isa = PBXTargetDependency;
			target = 768710701CED749100410B88 /* MusicVideo */;
			targetProxy = 768710861CED749100410B88 /* PBXContainerItemProxy */;
		};
		768710921CED749100410B88 /* PBXTargetDependency */ = {
			isa = PBXTargetDependency;
			target = 768710701CED749100410B88 /* MusicVideo */;
			targetProxy = 768710911CED749100410B88 /* PBXContainerItemProxy */;
		};
/* End PBXTargetDependency section */

/* Begin PBXVariantGroup section */
		768710781CED749100410B88 /* Main.storyboard */ = {
			isa = PBXVariantGroup;
			children = (
				768710791CED749100410B88 /* Base */,
			);
			name = Main.storyboard;
			sourceTree = "<group>";
		};
		7687107D1CED749100410B88 /* LaunchScreen.storyboard */ = {
			isa = PBXVariantGroup;
			children = (
				7687107E1CED749100410B88 /* Base */,
			);
			name = LaunchScreen.storyboard;
			sourceTree = "<group>";
		};
/* End PBXVariantGroup section */

/* Begin XCBuildConfiguration section */
		768710971CED749100410B88 /* Debug */ = {
			isa = XCBuildConfiguration;
			buildSettings = {
				ALWAYS_SEARCH_USER_PATHS = NO;
				CLANG_ANALYZER_NONNULL = YES;
				CLANG_CXX_LANGUAGE_STANDARD = "gnu++0x";
				CLANG_CXX_LIBRARY = "libc++";
				CLANG_ENABLE_MODULES = YES;
				CLANG_ENABLE_OBJC_ARC = YES;
				CLANG_WARN_BOOL_CONVERSION = YES;
				CLANG_WARN_CONSTANT_CONVERSION = YES;
				CLANG_WARN_DIRECT_OBJC_ISA_USAGE = YES_ERROR;
				CLANG_WARN_EMPTY_BODY = YES;
				CLANG_WARN_ENUM_CONVERSION = YES;
				CLANG_WARN_INT_CONVERSION = YES;
				CLANG_WARN_OBJC_ROOT_CLASS = YES_ERROR;
				CLANG_WARN_UNREACHABLE_CODE = YES;
				CLANG_WARN__DUPLICATE_METHOD_MATCH = YES;
				"CODE_SIGN_IDENTITY[sdk=iphoneos*]" = "iPhone Developer";
				COPY_PHASE_STRIP = NO;
				DEBUG_INFORMATION_FORMAT = dwarf;
				ENABLE_STRICT_OBJC_MSGSEND = YES;
				ENABLE_TESTABILITY = YES;
				GCC_C_LANGUAGE_STANDARD = gnu99;
				GCC_DYNAMIC_NO_PIC = NO;
				GCC_NO_COMMON_BLOCKS = YES;
				GCC_OPTIMIZATION_LEVEL = 0;
				GCC_PREPROCESSOR_DEFINITIONS = (
					"DEBUG=1",
					"$(inherited)",
				);
				GCC_WARN_64_TO_32_BIT_CONVERSION = YES;
				GCC_WARN_ABOUT_RETURN_TYPE = YES_ERROR;
				GCC_WARN_UNDECLARED_SELECTOR = YES;
				GCC_WARN_UNINITIALIZED_AUTOS = YES_AGGRESSIVE;
				GCC_WARN_UNUSED_FUNCTION = YES;
				GCC_WARN_UNUSED_VARIABLE = YES;
				IPHONEOS_DEPLOYMENT_TARGET = 9.3;
				MTL_ENABLE_DEBUG_INFO = YES;
				ONLY_ACTIVE_ARCH = YES;
				SDKROOT = iphoneos;
				SWIFT_OPTIMIZATION_LEVEL = "-Onone";
				TARGETED_DEVICE_FAMILY = "1,2";
			};
			name = Debug;
		};
		768710981CED749100410B88 /* Release */ = {
			isa = XCBuildConfiguration;
			buildSettings = {
				ALWAYS_SEARCH_USER_PATHS = NO;
				CLANG_ANALYZER_NONNULL = YES;
				CLANG_CXX_LANGUAGE_STANDARD = "gnu++0x";
				CLANG_CXX_LIBRARY = "libc++";
				CLANG_ENABLE_MODULES = YES;
				CLANG_ENABLE_OBJC_ARC = YES;
				CLANG_WARN_BOOL_CONVERSION = YES;
				CLANG_WARN_CONSTANT_CONVERSION = YES;
				CLANG_WARN_DIRECT_OBJC_ISA_USAGE = YES_ERROR;
				CLANG_WARN_EMPTY_BODY = YES;
				CLANG_WARN_ENUM_CONVERSION = YES;
				CLANG_WARN_INT_CONVERSION = YES;
				CLANG_WARN_OBJC_ROOT_CLASS = YES_ERROR;
				CLANG_WARN_UNREACHABLE_CODE = YES;
				CLANG_WARN__DUPLICATE_METHOD_MATCH = YES;
				"CODE_SIGN_IDENTITY[sdk=iphoneos*]" = "iPhone Developer";
				COPY_PHASE_STRIP = NO;
				DEBUG_INFORMATION_FORMAT = "dwarf-with-dsym";
				ENABLE_NS_ASSERTIONS = NO;
				ENABLE_STRICT_OBJC_MSGSEND = YES;
				GCC_C_LANGUAGE_STANDARD = gnu99;
				GCC_NO_COMMON_BLOCKS = YES;
				GCC_WARN_64_TO_32_BIT_CONVERSION = YES;
				GCC_WARN_ABOUT_RETURN_TYPE = YES_ERROR;
				GCC_WARN_UNDECLARED_SELECTOR = YES;
				GCC_WARN_UNINITIALIZED_AUTOS = YES_AGGRESSIVE;
				GCC_WARN_UNUSED_FUNCTION = YES;
				GCC_WARN_UNUSED_VARIABLE = YES;
				IPHONEOS_DEPLOYMENT_TARGET = 9.3;
				MTL_ENABLE_DEBUG_INFO = NO;
				SDKROOT = iphoneos;
				TARGETED_DEVICE_FAMILY = "1,2";
				VALIDATE_PRODUCT = YES;
			};
			name = Release;
		};
		7687109A1CED749100410B88 /* Debug */ = {
			isa = XCBuildConfiguration;
			buildSettings = {
				ASSETCATALOG_COMPILER_APPICON_NAME = AppIcon;
				CLANG_ENABLE_MODULES = YES;
				CODE_SIGN_IDENTITY = "iPhone Developer";
				"CODE_SIGN_IDENTITY[sdk=iphoneos*]" = "iPhone Developer";
				INFOPLIST_FILE = MusicVideo/Info.plist;
				LD_RUNPATH_SEARCH_PATHS = "$(inherited) @executable_path/Frameworks";
				PRODUCT_BUNDLE_IDENTIFIER = com.boogiesquad.MusicVideo;
				PRODUCT_NAME = "$(TARGET_NAME)";
				PROVISIONING_PROFILE = "";
				SWIFT_OBJC_BRIDGING_HEADER = "MusicVideo/MusicVideo-Bridging-Header.h";
				SWIFT_OPTIMIZATION_LEVEL = "-Onone";
			};
			name = Debug;
		};
		7687109B1CED749100410B88 /* Release */ = {
			isa = XCBuildConfiguration;
			buildSettings = {
				ASSETCATALOG_COMPILER_APPICON_NAME = AppIcon;
				CLANG_ENABLE_MODULES = YES;
				CODE_SIGN_IDENTITY = "iPhone Developer";
				"CODE_SIGN_IDENTITY[sdk=iphoneos*]" = "iPhone Developer";
				INFOPLIST_FILE = MusicVideo/Info.plist;
				LD_RUNPATH_SEARCH_PATHS = "$(inherited) @executable_path/Frameworks";
				PRODUCT_BUNDLE_IDENTIFIER = com.boogiesquad.MusicVideo;
				PRODUCT_NAME = "$(TARGET_NAME)";
				PROVISIONING_PROFILE = "";
				SWIFT_OBJC_BRIDGING_HEADER = "MusicVideo/MusicVideo-Bridging-Header.h";
			};
			name = Release;
		};
		7687109D1CED749100410B88 /* Debug */ = {
			isa = XCBuildConfiguration;
			buildSettings = {
				BUNDLE_LOADER = "$(TEST_HOST)";
				INFOPLIST_FILE = MusicVideoTests/Info.plist;
				LD_RUNPATH_SEARCH_PATHS = "$(inherited) @executable_path/Frameworks @loader_path/Frameworks";
				PRODUCT_BUNDLE_IDENTIFIER = com.boogiesquad.MusicVideoTests;
				PRODUCT_NAME = "$(TARGET_NAME)";
				TEST_HOST = "$(BUILT_PRODUCTS_DIR)/MusicVideo.app/MusicVideo";
			};
			name = Debug;
		};
		7687109E1CED749100410B88 /* Release */ = {
			isa = XCBuildConfiguration;
			buildSettings = {
				BUNDLE_LOADER = "$(TEST_HOST)";
				INFOPLIST_FILE = MusicVideoTests/Info.plist;
				LD_RUNPATH_SEARCH_PATHS = "$(inherited) @executable_path/Frameworks @loader_path/Frameworks";
				PRODUCT_BUNDLE_IDENTIFIER = com.boogiesquad.MusicVideoTests;
				PRODUCT_NAME = "$(TARGET_NAME)";
				TEST_HOST = "$(BUILT_PRODUCTS_DIR)/MusicVideo.app/MusicVideo";
			};
			name = Release;
		};
		768710A01CED749100410B88 /* Debug */ = {
			isa = XCBuildConfiguration;
			buildSettings = {
				INFOPLIST_FILE = MusicVideoUITests/Info.plist;
				LD_RUNPATH_SEARCH_PATHS = "$(inherited) @executable_path/Frameworks @loader_path/Frameworks";
				PRODUCT_BUNDLE_IDENTIFIER = com.boogiesquad.MusicVideoUITests;
				PRODUCT_NAME = "$(TARGET_NAME)";
				TEST_TARGET_NAME = MusicVideo;
			};
			name = Debug;
		};
		768710A11CED749100410B88 /* Release */ = {
			isa = XCBuildConfiguration;
			buildSettings = {
				INFOPLIST_FILE = MusicVideoUITests/Info.plist;
				LD_RUNPATH_SEARCH_PATHS = "$(inherited) @executable_path/Frameworks @loader_path/Frameworks";
				PRODUCT_BUNDLE_IDENTIFIER = com.boogiesquad.MusicVideoUITests;
				PRODUCT_NAME = "$(TARGET_NAME)";
				TEST_TARGET_NAME = MusicVideo;
			};
			name = Release;
		};
/* End XCBuildConfiguration section */

/* Begin XCConfigurationList section */
		7687106C1CED749100410B88 /* Build configuration list for PBXProject "MusicVideo" */ = {
			isa = XCConfigurationList;
			buildConfigurations = (
				768710971CED749100410B88 /* Debug */,
				768710981CED749100410B88 /* Release */,
			);
			defaultConfigurationIsVisible = 0;
			defaultConfigurationName = Release;
		};
		768710991CED749100410B88 /* Build configuration list for PBXNativeTarget "MusicVideo" */ = {
			isa = XCConfigurationList;
			buildConfigurations = (
				7687109A1CED749100410B88 /* Debug */,
				7687109B1CED749100410B88 /* Release */,
			);
			defaultConfigurationIsVisible = 0;
			defaultConfigurationName = Release;
		};
		7687109C1CED749100410B88 /* Build configuration list for PBXNativeTarget "MusicVideoTests" */ = {
			isa = XCConfigurationList;
			buildConfigurations = (
				7687109D1CED749100410B88 /* Debug */,
				7687109E1CED749100410B88 /* Release */,
			);
			defaultConfigurationIsVisible = 0;
			defaultConfigurationName = Release;
		};
		7687109F1CED749100410B88 /* Build configuration list for PBXNativeTarget "MusicVideoUITests" */ = {
			isa = XCConfigurationList;
			buildConfigurations = (
				768710A01CED749100410B88 /* Debug */,
				768710A11CED749100410B88 /* Release */,
			);
			defaultConfigurationIsVisible = 0;
			defaultConfigurationName = Release;
		};
/* End XCConfigurationList section */
	};
	rootObject = 768710691CED749000410B88 /* Project object */;
}
